// !$*UTF8*$!
{
	archiveVersion = 1;
	classes = {
	};
	objectVersion = 46;
	objects = {

/* Begin PBXBuildFile section */
		817C00741B5EDDE50018D8DE /* AppDelegate.swift in Sources */ = {isa = PBXBuildFile; fileRef = 817C00731B5EDDE50018D8DE /* AppDelegate.swift */; };
		817C00771B5EDDE50018D8DE /* WorkWithParse.xcdatamodeld in Sources */ = {isa = PBXBuildFile; fileRef = 817C00751B5EDDE50018D8DE /* WorkWithParse.xcdatamodeld */; };
		817C00791B5EDDE50018D8DE /* ViewController.swift in Sources */ = {isa = PBXBuildFile; fileRef = 817C00781B5EDDE50018D8DE /* ViewController.swift */; };
		817C007C1B5EDDE50018D8DE /* Main.storyboard in Resources */ = {isa = PBXBuildFile; fileRef = 817C007A1B5EDDE50018D8DE /* Main.storyboard */; };
		817C007E1B5EDDE50018D8DE /* Images.xcassets in Resources */ = {isa = PBXBuildFile; fileRef = 817C007D1B5EDDE50018D8DE /* Images.xcassets */; };
		817C00811B5EDDE50018D8DE /* LaunchScreen.xib in Resources */ = {isa = PBXBuildFile; fileRef = 817C007F1B5EDDE50018D8DE /* LaunchScreen.xib */; };
		817C008D1B5EDDE50018D8DE /* WorkWithParseTests.swift in Sources */ = {isa = PBXBuildFile; fileRef = 817C008C1B5EDDE50018D8DE /* WorkWithParseTests.swift */; };
		817C00981B5EDEDF0018D8DE /* Bolts.framework in Frameworks */ = {isa = PBXBuildFile; fileRef = 817C00961B5EDEDF0018D8DE /* Bolts.framework */; };
		817C00991B5EDEDF0018D8DE /* Parse.framework in Frameworks */ = {isa = PBXBuildFile; fileRef = 817C00971B5EDEDF0018D8DE /* Parse.framework */; };
		817C009B1B5EDF450018D8DE /* AudioToolbox.framework in Frameworks */ = {isa = PBXBuildFile; fileRef = 817C009A1B5EDF450018D8DE /* AudioToolbox.framework */; };
		817C009D1B5EDF4E0018D8DE /* CFNetwork.framework in Frameworks */ = {isa = PBXBuildFile; fileRef = 817C009C1B5EDF4E0018D8DE /* CFNetwork.framework */; };
		817C009F1B5EDF550018D8DE /* CoreGraphics.framework in Frameworks */ = {isa = PBXBuildFile; fileRef = 817C009E1B5EDF550018D8DE /* CoreGraphics.framework */; };
		817C00A11B5EDF5E0018D8DE /* CoreLocation.framework in Frameworks */ = {isa = PBXBuildFile; fileRef = 817C00A01B5EDF5E0018D8DE /* CoreLocation.framework */; };
		817C00A31B5EDF670018D8DE /* MobileCoreServices.framework in Frameworks */ = {isa = PBXBuildFile; fileRef = 817C00A21B5EDF670018D8DE /* MobileCoreServices.framework */; };
		817C00A51B5EDF6E0018D8DE /* QuartzCore.framework in Frameworks */ = {isa = PBXBuildFile; fileRef = 817C00A41B5EDF6E0018D8DE /* QuartzCore.framework */; };
		817C00A71B5EDF760018D8DE /* Security.framework in Frameworks */ = {isa = PBXBuildFile; fileRef = 817C00A61B5EDF760018D8DE /* Security.framework */; };
		817C00A91B5EDF830018D8DE /* StoreKit.framework in Frameworks */ = {isa = PBXBuildFile; fileRef = 817C00A81B5EDF830018D8DE /* StoreKit.framework */; };
		817C00AB1B5EDF8B0018D8DE /* SystemConfiguration.framework in Frameworks */ = {isa = PBXBuildFile; fileRef = 817C00AA1B5EDF8B0018D8DE /* SystemConfiguration.framework */; };
		817C00AD1B5EDF930018D8DE /* libz.dylib in Frameworks */ = {isa = PBXBuildFile; fileRef = 817C00AC1B5EDF930018D8DE /* libz.dylib */; };
		817C00AF1B5EDFA10018D8DE /* libsqlite3.dylib in Frameworks */ = {isa = PBXBuildFile; fileRef = 817C00AE1B5EDFA10018D8DE /* libsqlite3.dylib */; };
/* End PBXBuildFile section */

/* Begin PBXContainerItemProxy section */
		817C00871B5EDDE50018D8DE /* PBXContainerItemProxy */ = {
			isa = PBXContainerItemProxy;
			containerPortal = 817C00661B5EDDE50018D8DE /* Project object */;
			proxyType = 1;
			remoteGlobalIDString = 817C006D1B5EDDE50018D8DE;
			remoteInfo = WorkWithParse;
		};
/* End PBXContainerItemProxy section */

/* Begin PBXFileReference section */
		817C006E1B5EDDE50018D8DE /* WorkWithParse.app */ = {isa = PBXFileReference; explicitFileType = wrapper.application; includeInIndex = 0; path = WorkWithParse.app; sourceTree = BUILT_PRODUCTS_DIR; };
		817C00721B5EDDE50018D8DE /* Info.plist */ = {isa = PBXFileReference; lastKnownFileType = text.plist.xml; path = Info.plist; sourceTree = "<group>"; };
		817C00731B5EDDE50018D8DE /* AppDelegate.swift */ = {isa = PBXFileReference; lastKnownFileType = sourcecode.swift; path = AppDelegate.swift; sourceTree = "<group>"; };
		817C00761B5EDDE50018D8DE /* WorkWithParse.xcdatamodel */ = {isa = PBXFileReference; lastKnownFileType = wrapper.xcdatamodel; path = WorkWithParse.xcdatamodel; sourceTree = "<group>"; };
		817C00781B5EDDE50018D8DE /* ViewController.swift */ = {isa = PBXFileReference; lastKnownFileType = sourcecode.swift; path = ViewController.swift; sourceTree = "<group>"; };
		817C007B1B5EDDE50018D8DE /* Base */ = {isa = PBXFileReference; lastKnownFileType = file.storyboard; name = Base; path = Base.lproj/Main.storyboard; sourceTree = "<group>"; };
		817C007D1B5EDDE50018D8DE /* Images.xcassets */ = {isa = PBXFileReference; lastKnownFileType = folder.assetcatalog; path = Images.xcassets; sourceTree = "<group>"; };
		817C00801B5EDDE50018D8DE /* Base */ = {isa = PBXFileReference; lastKnownFileType = file.xib; name = Base; path = Base.lproj/LaunchScreen.xib; sourceTree = "<group>"; };
		817C00861B5EDDE50018D8DE /* WorkWithParseTests.xctest */ = {isa = PBXFileReference; explicitFileType = wrapper.cfbundle; includeInIndex = 0; path = WorkWithParseTests.xctest; sourceTree = BUILT_PRODUCTS_DIR; };
		817C008B1B5EDDE50018D8DE /* Info.plist */ = {isa = PBXFileReference; lastKnownFileType = text.plist.xml; path = Info.plist; sourceTree = "<group>"; };
		817C008C1B5EDDE50018D8DE /* WorkWithParseTests.swift */ = {isa = PBXFileReference; lastKnownFileType = sourcecode.swift; path = WorkWithParseTests.swift; sourceTree = "<group>"; };
		817C00961B5EDEDF0018D8DE /* Bolts.framework */ = {isa = PBXFileReference; lastKnownFileType = wrapper.framework; path = Bolts.framework; sourceTree = "<group>"; };
		817C00971B5EDEDF0018D8DE /* Parse.framework */ = {isa = PBXFileReference; lastKnownFileType = wrapper.framework; path = Parse.framework; sourceTree = "<group>"; };
		817C009A1B5EDF450018D8DE /* AudioToolbox.framework */ = {isa = PBXFileReference; lastKnownFileType = wrapper.framework; name = AudioToolbox.framework; path = System/Library/Frameworks/AudioToolbox.framework; sourceTree = SDKROOT; };
		817C009C1B5EDF4E0018D8DE /* CFNetwork.framework */ = {isa = PBXFileReference; lastKnownFileType = wrapper.framework; name = CFNetwork.framework; path = System/Library/Frameworks/CFNetwork.framework; sourceTree = SDKROOT; };
		817C009E1B5EDF550018D8DE /* CoreGraphics.framework */ = {isa = PBXFileReference; lastKnownFileType = wrapper.framework; name = CoreGraphics.framework; path = System/Library/Frameworks/CoreGraphics.framework; sourceTree = SDKROOT; };
		817C00A01B5EDF5E0018D8DE /* CoreLocation.framework */ = {isa = PBXFileReference; lastKnownFileType = wrapper.framework; name = CoreLocation.framework; path = System/Library/Frameworks/CoreLocation.framework; sourceTree = SDKROOT; };
		817C00A21B5EDF670018D8DE /* MobileCoreServices.framework */ = {isa = PBXFileReference; lastKnownFileType = wrapper.framework; name = MobileCoreServices.framework; path = System/Library/Frameworks/MobileCoreServices.framework; sourceTree = SDKROOT; };
		817C00A41B5EDF6E0018D8DE /* QuartzCore.framework */ = {isa = PBXFileReference; lastKnownFileType = wrapper.framework; name = QuartzCore.framework; path = System/Library/Frameworks/QuartzCore.framework; sourceTree = SDKROOT; };
		817C00A61B5EDF760018D8DE /* Security.framework */ = {isa = PBXFileReference; lastKnownFileType = wrapper.framework; name = Security.framework; path = System/Library/Frameworks/Security.framework; sourceTree = SDKROOT; };
		817C00A81B5EDF830018D8DE /* StoreKit.framework */ = {isa = PBXFileReference; lastKnownFileType = wrapper.framework; name = StoreKit.framework; path = System/Library/Frameworks/StoreKit.framework; sourceTree = SDKROOT; };
		817C00AA1B5EDF8B0018D8DE /* SystemConfiguration.framework */ = {isa = PBXFileReference; lastKnownFileType = wrapper.framework; name = SystemConfiguration.framework; path = System/Library/Frameworks/SystemConfiguration.framework; sourceTree = SDKROOT; };
		817C00AC1B5EDF930018D8DE /* libz.dylib */ = {isa = PBXFileReference; lastKnownFileType = "compiled.mach-o.dylib"; name = libz.dylib; path = usr/lib/libz.dylib; sourceTree = SDKROOT; };
		817C00AE1B5EDFA10018D8DE /* libsqlite3.dylib */ = {isa = PBXFileReference; lastKnownFileType = "compiled.mach-o.dylib"; name = libsqlite3.dylib; path = usr/lib/libsqlite3.dylib; sourceTree = SDKROOT; };
		817C00B11B5EDFFA0018D8DE /* WorkWithParse-Bridging-Header.h */ = {isa = PBXFileReference; lastKnownFileType = sourcecode.c.h; path = "WorkWithParse-Bridging-Header.h"; sourceTree = "<group>"; };
/* End PBXFileReference section */

/* Begin PBXFrameworksBuildPhase section */
		817C006B1B5EDDE50018D8DE /* Frameworks */ = {
			isa = PBXFrameworksBuildPhase;
			buildActionMask = 2147483647;
			files = (
				817C00AF1B5EDFA10018D8DE /* libsqlite3.dylib in Frameworks */,
				817C00AD1B5EDF930018D8DE /* libz.dylib in Frameworks */,
				817C00AB1B5EDF8B0018D8DE /* SystemConfiguration.framework in Frameworks */,
				817C00A91B5EDF830018D8DE /* StoreKit.framework in Frameworks */,
				817C00A71B5EDF760018D8DE /* Security.framework in Frameworks */,
				817C00A51B5EDF6E0018D8DE /* QuartzCore.framework in Frameworks */,
				817C00A31B5EDF670018D8DE /* MobileCoreServices.framework in Frameworks */,
				817C00A11B5EDF5E0018D8DE /* CoreLocation.framework in Frameworks */,
				817C009F1B5EDF550018D8DE /* CoreGraphics.framework in Frameworks */,
				817C009D1B5EDF4E0018D8DE /* CFNetwork.framework in Frameworks */,
				817C009B1B5EDF450018D8DE /* AudioToolbox.framework in Frameworks */,
				817C00991B5EDEDF0018D8DE /* Parse.framework in Frameworks */,
				817C00981B5EDEDF0018D8DE /* Bolts.framework in Frameworks */,
			);
			runOnlyForDeploymentPostprocessing = 0;
		};
		817C00831B5EDDE50018D8DE /* Frameworks */ = {
			isa = PBXFrameworksBuildPhase;
			buildActionMask = 2147483647;
			files = (
			);
			runOnlyForDeploymentPostprocessing = 0;
		};
/* End PBXFrameworksBuildPhase section */

/* Begin PBXGroup section */
		817C00651B5EDDE50018D8DE = {
			isa = PBXGroup;
			children = (
				817C00701B5EDDE50018D8DE /* WorkWithParse */,
				817C00B01B5EDFB00018D8DE /* Frameworks */,
				817C00891B5EDDE50018D8DE /* WorkWithParseTests */,
				817C006F1B5EDDE50018D8DE /* Products */,
				817C00B11B5EDFFA0018D8DE /* WorkWithParse-Bridging-Header.h */,
			);
			sourceTree = "<group>";
		};
		817C006F1B5EDDE50018D8DE /* Products */ = {
			isa = PBXGroup;
			children = (
				817C006E1B5EDDE50018D8DE /* WorkWithParse.app */,
				817C00861B5EDDE50018D8DE /* WorkWithParseTests.xctest */,
			);
			name = Products;
			sourceTree = "<group>";
		};
		817C00701B5EDDE50018D8DE /* WorkWithParse */ = {
			isa = PBXGroup;
			children = (
				817C00731B5EDDE50018D8DE /* AppDelegate.swift */,
				817C00781B5EDDE50018D8DE /* ViewController.swift */,
				817C007A1B5EDDE50018D8DE /* Main.storyboard */,
				817C007D1B5EDDE50018D8DE /* Images.xcassets */,
				817C007F1B5EDDE50018D8DE /* LaunchScreen.xib */,
				817C00751B5EDDE50018D8DE /* WorkWithParse.xcdatamodeld */,
				817C00711B5EDDE50018D8DE /* Supporting Files */,
			);
			path = WorkWithParse;
			sourceTree = "<group>";
		};
		817C00711B5EDDE50018D8DE /* Supporting Files */ = {
			isa = PBXGroup;
			children = (
				817C00961B5EDEDF0018D8DE /* Bolts.framework */,
				817C00971B5EDEDF0018D8DE /* Parse.framework */,
				817C00721B5EDDE50018D8DE /* Info.plist */,
			);
			name = "Supporting Files";
			sourceTree = "<group>";
		};
		817C00891B5EDDE50018D8DE /* WorkWithParseTests */ = {
			isa = PBXGroup;
			children = (
				817C008C1B5EDDE50018D8DE /* WorkWithParseTests.swift */,
				817C008A1B5EDDE50018D8DE /* Supporting Files */,
			);
			path = WorkWithParseTests;
			sourceTree = "<group>";
		};
		817C008A1B5EDDE50018D8DE /* Supporting Files */ = {
			isa = PBXGroup;
			children = (
				817C008B1B5EDDE50018D8DE /* Info.plist */,
			);
			name = "Supporting Files";
			sourceTree = "<group>";
		};
		817C00B01B5EDFB00018D8DE /* Frameworks */ = {
			isa = PBXGroup;
			children = (
				817C00AE1B5EDFA10018D8DE /* libsqlite3.dylib */,
				817C00AC1B5EDF930018D8DE /* libz.dylib */,
				817C00AA1B5EDF8B0018D8DE /* SystemConfiguration.framework */,
				817C00A81B5EDF830018D8DE /* StoreKit.framework */,
				817C00A61B5EDF760018D8DE /* Security.framework */,
				817C00A41B5EDF6E0018D8DE /* QuartzCore.framework */,
				817C00A21B5EDF670018D8DE /* MobileCoreServices.framework */,
				817C00A01B5EDF5E0018D8DE /* CoreLocation.framework */,
				817C009E1B5EDF550018D8DE /* CoreGraphics.framework */,
				817C009C1B5EDF4E0018D8DE /* CFNetwork.framework */,
				817C009A1B5EDF450018D8DE /* AudioToolbox.framework */,
			);
			name = Frameworks;
			sourceTree = "<group>";
		};
/* End PBXGroup section */

/* Begin PBXNativeTarget section */
		817C006D1B5EDDE50018D8DE /* WorkWithParse */ = {
			isa = PBXNativeTarget;
			buildConfigurationList = 817C00901B5EDDE50018D8DE /* Build configuration list for PBXNativeTarget "WorkWithParse" */;
			buildPhases = (
				817C006A1B5EDDE50018D8DE /* Sources */,
				817C006B1B5EDDE50018D8DE /* Frameworks */,
				817C006C1B5EDDE50018D8DE /* Resources */,
			);
			buildRules = (
			);
			dependencies = (
			);
			name = WorkWithParse;
			productName = WorkWithParse;
			productReference = 817C006E1B5EDDE50018D8DE /* WorkWithParse.app */;
			productType = "com.apple.product-type.application";
		};
		817C00851B5EDDE50018D8DE /* WorkWithParseTests */ = {
			isa = PBXNativeTarget;
			buildConfigurationList = 817C00931B5EDDE50018D8DE /* Build configuration list for PBXNativeTarget "WorkWithParseTests" */;
			buildPhases = (
				817C00821B5EDDE50018D8DE /* Sources */,
				817C00831B5EDDE50018D8DE /* Frameworks */,
				817C00841B5EDDE50018D8DE /* Resources */,
			);
			buildRules = (
			);
			dependencies = (
				817C00881B5EDDE50018D8DE /* PBXTargetDependency */,
			);
			name = WorkWithParseTests;
			productName = WorkWithParseTests;
			productReference = 817C00861B5EDDE50018D8DE /* WorkWithParseTests.xctest */;
			productType = "com.apple.product-type.bundle.unit-test";
		};
/* End PBXNativeTarget section */

/* Begin PBXProject section */
		817C00661B5EDDE50018D8DE /* Project object */ = {
			isa = PBXProject;
			attributes = {
				LastUpgradeCheck = 0640;
				ORGANIZATIONNAME = "Zhiheng Yi";
				TargetAttributes = {
					817C006D1B5EDDE50018D8DE = {
						CreatedOnToolsVersion = 6.4;
					};
					817C00851B5EDDE50018D8DE = {
						CreatedOnToolsVersion = 6.4;
						TestTargetID = 817C006D1B5EDDE50018D8DE;
					};
				};
			};
			buildConfigurationList = 817C00691B5EDDE50018D8DE /* Build configuration list for PBXProject "WorkWithParse" */;
			compatibilityVersion = "Xcode 3.2";
			developmentRegion = English;
			hasScannedForEncodings = 0;
			knownRegions = (
				en,
				Base,
			);
			mainGroup = 817C00651B5EDDE50018D8DE;
			productRefGroup = 817C006F1B5EDDE50018D8DE /* Products */;
			projectDirPath = "";
			projectRoot = "";
			targets = (
				817C006D1B5EDDE50018D8DE /* WorkWithParse */,
				817C00851B5EDDE50018D8DE /* WorkWithParseTests */,
			);
		};
/* End PBXProject section */

/* Begin PBXResourcesBuildPhase section */
		817C006C1B5EDDE50018D8DE /* Resources */ = {
			isa = PBXResourcesBuildPhase;
			buildActionMask = 2147483647;
			files = (
				817C007C1B5EDDE50018D8DE /* Main.storyboard in Resources */,
				817C00811B5EDDE50018D8DE /* LaunchScreen.xib in Resources */,
				817C007E1B5EDDE50018D8DE /* Images.xcassets in Resources */,
			);
			runOnlyForDeploymentPostprocessing = 0;
		};
		817C00841B5EDDE50018D8DE /* Resources */ = {
			isa = PBXResourcesBuildPhase;
			buildActionMask = 2147483647;
			files = (
			);
			runOnlyForDeploymentPostprocessing = 0;
		};
/* End PBXResourcesBuildPhase section */

/* Begin PBXSourcesBuildPhase section */
		817C006A1B5EDDE50018D8DE /* Sources */ = {
			isa = PBXSourcesBuildPhase;
			buildActionMask = 2147483647;
			files = (
				817C00791B5EDDE50018D8DE /* ViewController.swift in Sources */,
				817C00771B5EDDE50018D8DE /* WorkWithParse.xcdatamodeld in Sources */,
				817C00741B5EDDE50018D8DE /* AppDelegate.swift in Sources */,
			);
			runOnlyForDeploymentPostprocessing = 0;
		};
		817C00821B5EDDE50018D8DE /* Sources */ = {
			isa = PBXSourcesBuildPhase;
			buildActionMask = 2147483647;
			files = (
				817C008D1B5EDDE50018D8DE /* WorkWithParseTests.swift in Sources */,
			);
			runOnlyForDeploymentPostprocessing = 0;
		};
/* End PBXSourcesBuildPhase section */

/* Begin PBXTargetDependency section */
		817C00881B5EDDE50018D8DE /* PBXTargetDependency */ = {
			isa = PBXTargetDependency;
			target = 817C006D1B5EDDE50018D8DE /* WorkWithParse */;
			targetProxy = 817C00871B5EDDE50018D8DE /* PBXContainerItemProxy */;
		};
/* End PBXTargetDependency section */

/* Begin PBXVariantGroup section */
		817C007A1B5EDDE50018D8DE /* Main.storyboard */ = {
			isa = PBXVariantGroup;
			children = (
				817C007B1B5EDDE50018D8DE /* Base */,
			);
			name = Main.storyboard;
			sourceTree = "<group>";
		};
		817C007F1B5EDDE50018D8DE /* LaunchScreen.xib */ = {
			isa = PBXVariantGroup;
			children = (
				817C00801B5EDDE50018D8DE /* Base */,
			);
			name = LaunchScreen.xib;
			sourceTree = "<group>";
		};
/* End PBXVariantGroup section */

/* Begin XCBuildConfiguration section */
		817C008E1B5EDDE50018D8DE /* Debug */ = {
			isa = XCBuildConfiguration;
			buildSettings = {
				ALWAYS_SEARCH_USER_PATHS = NO;
				CLANG_CXX_LANGUAGE_STANDARD = "gnu++0x";
				CLANG_CXX_LIBRARY = "libc++";
				CLANG_ENABLE_MODULES = YES;
				CLANG_ENABLE_OBJC_ARC = YES;
				CLANG_WARN_BOOL_CONVERSION = YES;
				CLANG_WARN_CONSTANT_CONVERSION = YES;
				CLANG_WARN_DIRECT_OBJC_ISA_USAGE = YES_ERROR;
				CLANG_WARN_EMPTY_BODY = YES;
				CLANG_WARN_ENUM_CONVERSION = YES;
				CLANG_WARN_INT_CONVERSION = YES;
				CLANG_WARN_OBJC_ROOT_CLASS = YES_ERROR;
				CLANG_WARN_UNREACHABLE_CODE = YES;
				CLANG_WARN__DUPLICATE_METHOD_MATCH = YES;
				"CODE_SIGN_IDENTITY[sdk=iphoneos*]" = "iPhone Developer";
				COPY_PHASE_STRIP = NO;
				DEBUG_INFORMATION_FORMAT = "dwarf-with-dsym";
				ENABLE_STRICT_OBJC_MSGSEND = YES;
				GCC_C_LANGUAGE_STANDARD = gnu99;
				GCC_DYNAMIC_NO_PIC = NO;
				GCC_NO_COMMON_BLOCKS = YES;
				GCC_OPTIMIZATION_LEVEL = 0;
				GCC_PREPROCESSOR_DEFINITIONS = (
					"DEBUG=1",
					"$(inherited)",
				);
				GCC_SYMBOLS_PRIVATE_EXTERN = NO;
				GCC_WARN_64_TO_32_BIT_CONVERSION = YES;
				GCC_WARN_ABOUT_RETURN_TYPE = YES_ERROR;
				GCC_WARN_UNDECLARED_SELECTOR = YES;
				GCC_WARN_UNINITIALIZED_AUTOS = YES_AGGRESSIVE;
				GCC_WARN_UNUSED_FUNCTION = YES;
				GCC_WARN_UNUSED_VARIABLE = YES;
				IPHONEOS_DEPLOYMENT_TARGET = 8.4;
				MTL_ENABLE_DEBUG_INFO = YES;
				ONLY_ACTIVE_ARCH = YES;
				SDKROOT = iphoneos;
				SWIFT_OPTIMIZATION_LEVEL = "-Onone";
			};
			name = Debug;
		};
		817C008F1B5EDDE50018D8DE /* Release */ = {
			isa = XCBuildConfiguration;
			buildSettings = {
				ALWAYS_SEARCH_USER_PATHS = NO;
				CLANG_CXX_LANGUAGE_STANDARD = "gnu++0x";
				CLANG_CXX_LIBRARY = "libc++";
				CLANG_ENABLE_MODULES = YES;
				CLANG_ENABLE_OBJC_ARC = YES;
				CLANG_WARN_BOOL_CONVERSION = YES;
				CLANG_WARN_CONSTANT_CONVERSION = YES;
				CLANG_WARN_DIRECT_OBJC_ISA_USAGE = YES_ERROR;
				CLANG_WARN_EMPTY_BODY = YES;
				CLANG_WARN_ENUM_CONVERSION = YES;
				CLANG_WARN_INT_CONVERSION = YES;
				CLANG_WARN_OBJC_ROOT_CLASS = YES_ERROR;
				CLANG_WARN_UNREACHABLE_CODE = YES;
				CLANG_WARN__DUPLICATE_METHOD_MATCH = YES;
				"CODE_SIGN_IDENTITY[sdk=iphoneos*]" = "iPhone Developer";
				COPY_PHASE_STRIP = NO;
				DEBUG_INFORMATION_FORMAT = "dwarf-with-dsym";
				ENABLE_NS_ASSERTIONS = NO;
				ENABLE_STRICT_OBJC_MSGSEND = YES;
				GCC_C_LANGUAGE_STANDARD = gnu99;
				GCC_NO_COMMON_BLOCKS = YES;
				GCC_WARN_64_TO_32_BIT_CONVERSION = YES;
				GCC_WARN_ABOUT_RETURN_TYPE = YES_ERROR;
				GCC_WARN_UNDECLARED_SELECTOR = YES;
				GCC_WARN_UNINITIALIZED_AUTOS = YES_AGGRESSIVE;
				GCC_WARN_UNUSED_FUNCTION = YES;
				GCC_WARN_UNUSED_VARIABLE = YES;
				IPHONEOS_DEPLOYMENT_TARGET = 8.4;
				MTL_ENABLE_DEBUG_INFO = NO;
				SDKROOT = iphoneos;
				VALIDATE_PRODUCT = YES;
			};
			name = Release;
		};
		817C00911B5EDDE50018D8DE /* Debug */ = {
			isa = XCBuildConfiguration;
			buildSettings = {
				ASSETCATALOG_COMPILER_APPICON_NAME = AppIcon;
				CLANG_ENABLE_MODULES = YES;
				FRAMEWORK_SEARCH_PATHS = (
					"$(inherited)",
					"$(PROJECT_DIR)/WorkWithParse",
				);
				INFOPLIST_FILE = WorkWithParse/Info.plist;
				LD_RUNPATH_SEARCH_PATHS = "$(inherited) @executable_path/Frameworks";
				PRODUCT_NAME = "$(TARGET_NAME)";
				SWIFT_OBJC_BRIDGING_HEADER = "WorkWithParse-Bridging-Header.h";
				SWIFT_OPTIMIZATION_LEVEL = "-Onone";
			};
			name = Debug;
		};
		817C00921B5EDDE50018D8DE /* Release */ = {
			isa = XCBuildConfiguration;
			buildSettings = {
				ASSETCATALOG_COMPILER_APPICON_NAME = AppIcon;
				CLANG_ENABLE_MODULES = YES;
				FRAMEWORK_SEARCH_PATHS = (
					"$(inherited)",
					"$(PROJECT_DIR)/WorkWithParse",
				);
				INFOPLIST_FILE = WorkWithParse/Info.plist;
				LD_RUNPATH_SEARCH_PATHS = "$(inherited) @executable_path/Frameworks";
				PRODUCT_NAME = "$(TARGET_NAME)";
				SWIFT_OBJC_BRIDGING_HEADER = "WorkWithParse-Bridging-Header.h";
			};
			name = Release;
		};
		817C00941B5EDDE50018D8DE /* Debug */ = {
			isa = XCBuildConfiguration;
			buildSettings = {
				BUNDLE_LOADER = "$(TEST_HOST)";
				FRAMEWORK_SEARCH_PATHS = (
					"$(SDKROOT)/Developer/Library/Frameworks",
					"$(inherited)",
				);
				GCC_PREPROCESSOR_DEFINITIONS = (
					"DEBUG=1",
					"$(inherited)",
				);
				INFOPLIST_FILE = WorkWithParseTests/Info.plist;
				LD_RUNPATH_SEARCH_PATHS = "$(inherited) @executable_path/Frameworks @loader_path/Frameworks";
				PRODUCT_NAME = "$(TARGET_NAME)";
				TEST_HOST = "$(BUILT_PRODUCTS_DIR)/WorkWithParse.app/WorkWithParse";
			};
			name = Debug;
		};
		817C00951B5EDDE50018D8DE /* Release */ = {
			isa = XCBuildConfiguration;
			buildSettings = {
				BUNDLE_LOADER = "$(TEST_HOST)";
				FRAMEWORK_SEARCH_PATHS = (
					"$(SDKROOT)/Developer/Library/Frameworks",
					"$(inherited)",
				);
				INFOPLIST_FILE = WorkWithParseTests/Info.plist;
				LD_RUNPATH_SEARCH_PATHS = "$(inherited) @executable_path/Frameworks @loader_path/Frameworks";
				PRODUCT_NAME = "$(TARGET_NAME)";
				TEST_HOST = "$(BUILT_PRODUCTS_DIR)/WorkWithParse.app/WorkWithParse";
			};
			name = Release;
		};
/* End XCBuildConfiguration section */

/* Begin XCConfigurationList section */
		817C00691B5EDDE50018D8DE /* Build configuration list for PBXProject "WorkWithParse" */ = {
			isa = XCConfigurationList;
			buildConfigurations = (
				817C008E1B5EDDE50018D8DE /* Debug */,
				817C008F1B5EDDE50018D8DE /* Release */,
			);
			defaultConfigurationIsVisible = 0;
			defaultConfigurationName = Release;
		};
		817C00901B5EDDE50018D8DE /* Build configuration list for PBXNativeTarget "WorkWithParse" */ = {
			isa = XCConfigurationList;
			buildConfigurations = (
				817C00911B5EDDE50018D8DE /* Debug */,
				817C00921B5EDDE50018D8DE /* Release */,
			);
			defaultConfigurationIsVisible = 0;
		};
		817C00931B5EDDE50018D8DE /* Build configuration list for PBXNativeTarget "WorkWithParseTests" */ = {
			isa = XCConfigurationList;
			buildConfigurations = (
				817C00941B5EDDE50018D8DE /* Debug */,
				817C00951B5EDDE50018D8DE /* Release */,
			);
			defaultConfigurationIsVisible = 0;
		};
/* End XCConfigurationList section */

/* Begin XCVersionGroup section */
		817C00751B5EDDE50018D8DE /* WorkWithParse.xcdatamodeld */ = {
			isa = XCVersionGroup;
			children = (
				817C00761B5EDDE50018D8DE /* WorkWithParse.xcdatamodel */,
			);
			currentVersion = 817C00761B5EDDE50018D8DE /* WorkWithParse.xcdatamodel */;
			path = WorkWithParse.xcdatamodeld;
			sourceTree = "<group>";
			versionGroupType = wrapper.xcdatamodel;
		};
/* End XCVersionGroup section */
	};
	rootObject = 817C00661B5EDDE50018D8DE /* Project object */;
}
